{
  "version": 4,
  "terraform_version": "1.0.7",
  "serial": 19,
  "lineage": "b4c0fd93-6e53-c021-7513-c0add9a63303",
  "outputs": {},
  "resources": [
    {
      "mode": "managed",
      "type": "azurerm_linux_virtual_machine",
      "name": "tfvm",
      "provider": "provider[\"registry.terraform.io/hashicorp/azurerm\"]",
      "instances": [
        {
          "schema_version": 0,
          "attributes": {
            "additional_capabilities": [],
            "admin_password": null,
            "admin_ssh_key": [
              {
                "public_key": "ssh-rsa AAAAB3NzaC1yc2EAAAADAQABAAABgQC0gjTqm6QvYnZrdhBM+U1JGK/65Gr0JUSb9BAOV48oq+JOeUDlzCIiJczVngYhuytKk51K4XxEkxTaaYa9zCZ2brtREO97/8nHjsVweGBxJET5DWpC7qla8PObIOblE11Vwfx1Y6DjKHj62a/6uPRe9qWa12YtwGHZvLA2kZsN+1lH/Z0w6zsZ9f6Xn0xYBeeOQ3EfaKIhtZ0j3+9eo00zxHonF+IuqX+vIXgfegO+eUISAtJLkN340c3nBpyHlxO5+2pRNCqy5OXJOU8QNFjO9qcAjUWUWBmiYYAljcLI5RKM5nrmwKQyEZ5FMtrNXNYs5Qm2U+Dm1qyHOUK8NEGt8v+5fV6P7I14p4GcryPm9Wp/tGZitaWTVd3sNKAkRQ6qpcXu2TgfuTV3xGTVZHl5sMByn0OjUkfd9LLsiK3BK28Rq0KI9UV34E1b6bLxNA+R+0voFzTlUvV7WsPyZ0JxwCkZf6F7D4TYwIRuoFxjUnzlU3G9ZY9oPg8jZSeZVzk= srikanth1.d@LM0001224\n",
                "username": "adminuser"
              }
            ],
            "admin_username": "adminuser",
            "allow_extension_operations": true,
            "availability_set_id": "",
            "boot_diagnostics": [],
            "computer_name": "tf-vm",
            "custom_data": null,
            "dedicated_host_id": "",
            "disable_password_authentication": true,
            "encryption_at_host_enabled": false,
            "eviction_policy": "",
            "extensions_time_budget": "PT1H30M",
            "id": "/subscriptions/7ccbfa5f-62fd-4c82-b2f5-26848ebcef6e/resourceGroups/TFRG/providers/Microsoft.Compute/virtualMachines/tf-vm",
            "identity": [],
            "license_type": "",
            "location": "centralindia",
            "max_bid_price": -1,
            "name": "tf-vm",
            "network_interface_ids": [
              "/subscriptions/7ccbfa5f-62fd-4c82-b2f5-26848ebcef6e/resourceGroups/TFRG/providers/Microsoft.Network/networkInterfaces/TFNIC"
            ],
            "os_disk": [
              {
                "caching": "ReadWrite",
                "diff_disk_settings": [],
                "disk_encryption_set_id": "",
                "disk_size_gb": 30,
                "name": "tf-vm_OsDisk_1_d17cdfb8dd834df9954627768ff510bb",
                "storage_account_type": "Standard_LRS",
                "write_accelerator_enabled": false
              }
            ],
            "plan": [],
            "platform_fault_domain": -1,
            "priority": "Regular",
            "private_ip_address": "10.0.1.4",
            "private_ip_addresses": [
              "10.0.1.4"
            ],
            "provision_vm_agent": true,
            "proximity_placement_group_id": "",
            "public_ip_address": "20.192.0.7",
            "public_ip_addresses": [
              "20.192.0.7"
            ],
            "resource_group_name": "TFRG",
            "secret": [],
            "size": "Standard_F2",
            "source_image_id": "",
            "source_image_reference": [
              {
                "offer": "UbuntuServer",
                "publisher": "Canonical",
                "sku": "18.04-LTS",
                "version": "latest"
              }
            ],
            "tags": {
              "environment": "Test"
            },
            "timeouts": null,
            "virtual_machine_id": "02afe227-935e-4c3d-86ec-65a879c280b3",
            "virtual_machine_scale_set_id": "",
            "zone": ""
          },
          "sensitive_attributes": [],
          "private": "eyJlMmJmYjczMC1lY2FhLTExZTYtOGY4OC0zNDM2M2JjN2M0YzAiOnsiY3JlYXRlIjoyNzAwMDAwMDAwMDAwLCJkZWxldGUiOjI3MDAwMDAwMDAwMDAsInJlYWQiOjMwMDAwMDAwMDAwMCwidXBkYXRlIjoyNzAwMDAwMDAwMDAwfX0=",
          "dependencies": [
            "azurerm_network_interface.TFNIC",
            "azurerm_resource_group.MyTfRG"
          ]
        }
      ]
    },
    {
      "mode": "managed",
      "type": "azurerm_network_interface",
      "name": "TFNIC",
      "provider": "provider[\"registry.terraform.io/hashicorp/azurerm\"]",
      "instances": [
        {
          "schema_version": 0,
          "attributes": {
            "applied_dns_servers": [],
            "dns_servers": [],
            "enable_accelerated_networking": false,
            "enable_ip_forwarding": false,
            "id": "/subscriptions/7ccbfa5f-62fd-4c82-b2f5-26848ebcef6e/resourceGroups/TFRG/providers/Microsoft.Network/networkInterfaces/TFNIC",
            "internal_dns_name_label": "",
            "internal_domain_name_suffix": "ntzk0mzgm1uubp4wjgggvgwv2c.rx.internal.cloudapp.net",
            "ip_configuration": [
              {
                "name": "internal",
                "primary": true,
                "private_ip_address": "10.0.1.4",
                "private_ip_address_allocation": "Dynamic",
                "private_ip_address_version": "IPv4",
                "public_ip_address_id": "/subscriptions/7ccbfa5f-62fd-4c82-b2f5-26848ebcef6e/resourceGroups/TFRG/providers/Microsoft.Network/publicIPAddresses/TFPIP",
                "subnet_id": "/subscriptions/7ccbfa5f-62fd-4c82-b2f5-26848ebcef6e/resourceGroups/TFRG/providers/Microsoft.Network/virtualNetworks/TFVNET/subnets/TFSUBNET_APP"
              }
            ],
            "location": "centralindia",
            "mac_address": "",
            "name": "TFNIC",
            "private_ip_address": "10.0.1.4",
            "private_ip_addresses": [
              "10.0.1.4"
            ],
            "resource_group_name": "TFRG",
            "tags": {
              "environment": "Test"
            },
            "timeouts": null,
            "virtual_machine_id": ""
          },
          "sensitive_attributes": [],
          "private": "eyJlMmJmYjczMC1lY2FhLTExZTYtOGY4OC0zNDM2M2JjN2M0YzAiOnsiY3JlYXRlIjoxODAwMDAwMDAwMDAwLCJkZWxldGUiOjE4MDAwMDAwMDAwMDAsInJlYWQiOjMwMDAwMDAwMDAwMCwidXBkYXRlIjoxODAwMDAwMDAwMDAwfX0=",
          "dependencies": [
            "azurerm_public_ip.TFPIP",
            "azurerm_resource_group.MyTfRG",
            "azurerm_subnet.TFSUBNET_APP",
            "azurerm_virtual_network.TFVNET"
          ]
        }
      ]
    },
    {
      "mode": "managed",
      "type": "azurerm_network_interface_security_group_association",
      "name": "TFNICSG",
      "provider": "provider[\"registry.terraform.io/hashicorp/azurerm\"]",
      "instances": [
        {
          "schema_version": 0,
          "attributes": {
            "id": "/subscriptions/7ccbfa5f-62fd-4c82-b2f5-26848ebcef6e/resourceGroups/TFRG/providers/Microsoft.Network/networkInterfaces/TFNIC|/subscriptions/7ccbfa5f-62fd-4c82-b2f5-26848ebcef6e/resourceGroups/TFRG/providers/Microsoft.Network/networkSecurityGroups/TFNSG",
            "network_interface_id": "/subscriptions/7ccbfa5f-62fd-4c82-b2f5-26848ebcef6e/resourceGroups/TFRG/providers/Microsoft.Network/networkInterfaces/TFNIC",
            "network_security_group_id": "/subscriptions/7ccbfa5f-62fd-4c82-b2f5-26848ebcef6e/resourceGroups/TFRG/providers/Microsoft.Network/networkSecurityGroups/TFNSG",
            "timeouts": null
          },
          "sensitive_attributes": [],
          "private": "eyJlMmJmYjczMC1lY2FhLTExZTYtOGY4OC0zNDM2M2JjN2M0YzAiOnsiY3JlYXRlIjoxODAwMDAwMDAwMDAwLCJkZWxldGUiOjE4MDAwMDAwMDAwMDAsInJlYWQiOjMwMDAwMDAwMDAwMCwidXBkYXRlIjoxODAwMDAwMDAwMDAwfX0=",
          "dependencies": [
            "azurerm_virtual_network.TFVNET",
            "azurerm_network_interface.TFNIC",
            "azurerm_network_security_group.TFNSG",
            "azurerm_public_ip.TFPIP",
            "azurerm_resource_group.MyTfRG",
            "azurerm_subnet.TFSUBNET_APP"
          ]
        }
      ]
    },
    {
      "mode": "managed",
      "type": "azurerm_network_security_group",
      "name": "TFNSG",
      "provider": "provider[\"registry.terraform.io/hashicorp/azurerm\"]",
      "instances": [
        {
          "schema_version": 0,
          "attributes": {
            "id": "/subscriptions/7ccbfa5f-62fd-4c82-b2f5-26848ebcef6e/resourceGroups/TFRG/providers/Microsoft.Network/networkSecurityGroups/TFNSG",
            "location": "centralindia",
            "name": "TFNSG",
            "resource_group_name": "TFRG",
            "security_rule": [
              {
                "access": "Allow",
                "description": "",
                "destination_address_prefix": "*",
                "destination_address_prefixes": [],
                "destination_application_security_group_ids": [],
                "destination_port_range": "443",
                "destination_port_ranges": [],
                "direction": "Inbound",
                "name": "https",
                "priority": 100,
                "protocol": "Tcp",
                "source_address_prefix": "*",
                "source_address_prefixes": [],
                "source_application_security_group_ids": [],
                "source_port_range": "*",
                "source_port_ranges": []
              }
            ],
            "tags": {
              "environment": "Test"
            },
            "timeouts": null
          },
          "sensitive_attributes": [],
          "private": "eyJlMmJmYjczMC1lY2FhLTExZTYtOGY4OC0zNDM2M2JjN2M0YzAiOnsiY3JlYXRlIjoxODAwMDAwMDAwMDAwLCJkZWxldGUiOjE4MDAwMDAwMDAwMDAsInJlYWQiOjMwMDAwMDAwMDAwMCwidXBkYXRlIjoxODAwMDAwMDAwMDAwfX0=",
          "dependencies": [
            "azurerm_resource_group.MyTfRG"
          ]
        }
      ]
    },
    {
      "mode": "managed",
      "type": "azurerm_public_ip",
      "name": "TFPIP",
      "provider": "provider[\"registry.terraform.io/hashicorp/azurerm\"]",
      "instances": [
        {
          "schema_version": 0,
          "attributes": {
            "allocation_method": "Dynamic",
            "domain_name_label": null,
            "fqdn": null,
            "id": "/subscriptions/7ccbfa5f-62fd-4c82-b2f5-26848ebcef6e/resourceGroups/TFRG/providers/Microsoft.Network/publicIPAddresses/TFPIP",
            "idle_timeout_in_minutes": 4,
            "ip_address": "",
            "ip_tags": {},
            "ip_version": "IPv4",
            "location": "centralindia",
            "name": "TFPIP",
            "public_ip_prefix_id": null,
            "resource_group_name": "TFRG",
            "reverse_fqdn": null,
            "sku": "Basic",
            "tags": {
              "environment": "Test"
            },
            "timeouts": null,
            "zones": []
          },
          "sensitive_attributes": [],
          "private": "eyJlMmJmYjczMC1lY2FhLTExZTYtOGY4OC0zNDM2M2JjN2M0YzAiOnsiY3JlYXRlIjoxODAwMDAwMDAwMDAwLCJkZWxldGUiOjE4MDAwMDAwMDAwMDAsInJlYWQiOjMwMDAwMDAwMDAwMCwidXBkYXRlIjoxODAwMDAwMDAwMDAwfX0=",
          "dependencies": [
            "azurerm_resource_group.MyTfRG"
          ]
        }
      ]
    },
    {
      "mode": "managed",
      "type": "azurerm_resource_group",
      "name": "MyTfRG",
      "provider": "provider[\"registry.terraform.io/hashicorp/azurerm\"]",
      "instances": [
        {
          "schema_version": 0,
          "attributes": {
            "id": "/subscriptions/7ccbfa5f-62fd-4c82-b2f5-26848ebcef6e/resourceGroups/TFRG",
            "location": "centralindia",
            "name": "TFRG",
            "tags": {
              "environment": "Test"
            },
            "timeouts": null
          },
          "sensitive_attributes": [],
          "private": "eyJlMmJmYjczMC1lY2FhLTExZTYtOGY4OC0zNDM2M2JjN2M0YzAiOnsiY3JlYXRlIjo1NDAwMDAwMDAwMDAwLCJkZWxldGUiOjU0MDAwMDAwMDAwMDAsInJlYWQiOjMwMDAwMDAwMDAwMCwidXBkYXRlIjo1NDAwMDAwMDAwMDAwfX0="
        }
      ]
    },
    {
      "mode": "managed",
      "type": "azurerm_storage_account",
      "name": "tfstoragetf",
      "provider": "provider[\"registry.terraform.io/hashicorp/azurerm\"]",
      "instances": [
        {
          "schema_version": 2,
          "attributes": {
            "access_tier": "Hot",
            "account_kind": "StorageV2",
            "account_replication_type": "LRS",
            "account_tier": "Standard",
            "allow_blob_public_access": false,
            "blob_properties": [],
            "custom_domain": [],
            "enable_https_traffic_only": true,
            "id": "/subscriptions/7ccbfa5f-62fd-4c82-b2f5-26848ebcef6e/resourceGroups/TFRG/providers/Microsoft.Storage/storageAccounts/tfstoragetf",
            "identity": [],
            "is_hns_enabled": false,
            "large_file_share_enabled": null,
            "location": "centralindia",
            "min_tls_version": "TLS1_0",
            "name": "tfstoragetf",
            "network_rules": [
              {
                "bypass": [
                  "AzureServices"
                ],
                "default_action": "Allow",
                "ip_rules": [],
                "virtual_network_subnet_ids": []
              }
            ],
            "primary_access_key": "fru2NJ7nLcmL8ziEjOfqHDN7eO/ccLhR/e2Ycszh4vj4kYOH0ueyzRk0TZEhYKcVmW9ZTXWTVWK8AWN33YOLgg==",
            "primary_blob_connection_string": "DefaultEndpointsProtocol=https;BlobEndpoint=https://tfstoragetf.blob.core.windows.net/;AccountName=tfstoragetf;AccountKey=fru2NJ7nLcmL8ziEjOfqHDN7eO/ccLhR/e2Ycszh4vj4kYOH0ueyzRk0TZEhYKcVmW9ZTXWTVWK8AWN33YOLgg==",
            "primary_blob_endpoint": "https://tfstoragetf.blob.core.windows.net/",
            "primary_blob_host": "tfstoragetf.blob.core.windows.net",
            "primary_connection_string": "DefaultEndpointsProtocol=https;AccountName=tfstoragetf;AccountKey=fru2NJ7nLcmL8ziEjOfqHDN7eO/ccLhR/e2Ycszh4vj4kYOH0ueyzRk0TZEhYKcVmW9ZTXWTVWK8AWN33YOLgg==;EndpointSuffix=core.windows.net",
            "primary_dfs_endpoint": "https://tfstoragetf.dfs.core.windows.net/",
            "primary_dfs_host": "tfstoragetf.dfs.core.windows.net",
            "primary_file_endpoint": "https://tfstoragetf.file.core.windows.net/",
            "primary_file_host": "tfstoragetf.file.core.windows.net",
            "primary_location": "centralindia",
            "primary_queue_endpoint": "https://tfstoragetf.queue.core.windows.net/",
            "primary_queue_host": "tfstoragetf.queue.core.windows.net",
            "primary_table_endpoint": "https://tfstoragetf.table.core.windows.net/",
            "primary_table_host": "tfstoragetf.table.core.windows.net",
            "primary_web_endpoint": "https://tfstoragetf.z29.web.core.windows.net/",
            "primary_web_host": "tfstoragetf.z29.web.core.windows.net",
            "queue_properties": [
              {
                "cors_rule": [],
                "hour_metrics": [
                  {
                    "enabled": true,
                    "include_apis": true,
                    "retention_policy_days": 7,
                    "version": "1.0"
                  }
                ],
                "logging": [
                  {
                    "delete": false,
                    "read": false,
                    "retention_policy_days": 0,
                    "version": "1.0",
                    "write": false
                  }
                ],
                "minute_metrics": [
                  {
                    "enabled": false,
                    "include_apis": false,
                    "retention_policy_days": 0,
                    "version": "1.0"
                  }
                ]
              }
            ],
            "resource_group_name": "TFRG",
            "secondary_access_key": "RVMfVXoXMi7fhjKbOoPa2UFop1qe/Bm97Jr5znOM0RoPS2qPo2jYNGc1jtilmFoCMWYTaY+YGdR9JwEAo0D5Hw==",
            "secondary_blob_connection_string": "",
            "secondary_blob_endpoint": null,
            "secondary_blob_host": null,
            "secondary_connection_string": "DefaultEndpointsProtocol=https;AccountName=tfstoragetf;AccountKey=RVMfVXoXMi7fhjKbOoPa2UFop1qe/Bm97Jr5znOM0RoPS2qPo2jYNGc1jtilmFoCMWYTaY+YGdR9JwEAo0D5Hw==;EndpointSuffix=core.windows.net",
            "secondary_dfs_endpoint": null,
            "secondary_dfs_host": null,
            "secondary_file_endpoint": null,
            "secondary_file_host": null,
            "secondary_location": "",
            "secondary_queue_endpoint": null,
            "secondary_queue_host": null,
            "secondary_table_endpoint": null,
            "secondary_table_host": null,
            "secondary_web_endpoint": null,
            "secondary_web_host": null,
            "static_website": [],
            "tags": {
              "environment": "Test"
            },
            "timeouts": null
          },
          "sensitive_attributes": [],
          "private": "eyJlMmJmYjczMC1lY2FhLTExZTYtOGY4OC0zNDM2M2JjN2M0YzAiOnsiY3JlYXRlIjozNjAwMDAwMDAwMDAwLCJkZWxldGUiOjM2MDAwMDAwMDAwMDAsInJlYWQiOjMwMDAwMDAwMDAwMCwidXBkYXRlIjozNjAwMDAwMDAwMDAwfSwic2NoZW1hX3ZlcnNpb24iOiIyIn0=",
          "dependencies": [
            "azurerm_resource_group.MyTfRG"
          ]
        }
      ]
    },
    {
      "mode": "managed",
      "type": "azurerm_subnet",
      "name": "TFSUBNET_APP",
      "provider": "provider[\"registry.terraform.io/hashicorp/azurerm\"]",
      "instances": [
        {
          "schema_version": 0,
          "attributes": {
            "address_prefix": "10.0.1.0/24",
            "address_prefixes": [
              "10.0.1.0/24"
            ],
            "delegation": [],
            "enforce_private_link_endpoint_network_policies": false,
            "enforce_private_link_service_network_policies": false,
            "id": "/subscriptions/7ccbfa5f-62fd-4c82-b2f5-26848ebcef6e/resourceGroups/TFRG/providers/Microsoft.Network/virtualNetworks/TFVNET/subnets/TFSUBNET_APP",
            "name": "TFSUBNET_APP",
            "resource_group_name": "TFRG",
            "service_endpoint_policy_ids": [],
            "service_endpoints": [],
            "timeouts": null,
            "virtual_network_name": "TFVNET"
          },
          "sensitive_attributes": [],
          "private": "eyJlMmJmYjczMC1lY2FhLTExZTYtOGY4OC0zNDM2M2JjN2M0YzAiOnsiY3JlYXRlIjoxODAwMDAwMDAwMDAwLCJkZWxldGUiOjE4MDAwMDAwMDAwMDAsInJlYWQiOjMwMDAwMDAwMDAwMCwidXBkYXRlIjoxODAwMDAwMDAwMDAwfX0=",
          "dependencies": [
            "azurerm_resource_group.MyTfRG",
            "azurerm_virtual_network.TFVNET"
          ]
        }
      ]
    },
    {
      "mode": "managed",
      "type": "azurerm_virtual_network",
      "name": "TFVNET",
      "provider": "provider[\"registry.terraform.io/hashicorp/azurerm\"]",
      "instances": [
        {
          "schema_version": 0,
          "attributes": {
            "address_space": [
              "10.0.0.0/8"
            ],
            "bgp_community": "",
            "ddos_protection_plan": [],
            "dns_servers": [],
            "guid": "33adf26c-6626-40e9-bfd6-498c6a9ad5e2",
            "id": "/subscriptions/7ccbfa5f-62fd-4c82-b2f5-26848ebcef6e/resourceGroups/TFRG/providers/Microsoft.Network/virtualNetworks/TFVNET",
            "location": "centralindia",
            "name": "TFVNET",
            "resource_group_name": "TFRG",
            "subnet": [
              {
                "address_prefix": "10.0.1.0/24",
                "id": "/subscriptions/7ccbfa5f-62fd-4c82-b2f5-26848ebcef6e/resourceGroups/TFRG/providers/Microsoft.Network/virtualNetworks/TFVNET/subnets/TFSUBNET_APP",
                "name": "TFSUBNET_APP",
                "security_group": ""
              }
            ],
            "tags": {
              "environment": "Test"
            },
            "timeouts": null,
            "vm_protection_enabled": false
          },
          "sensitive_attributes": [],
          "private": "eyJlMmJmYjczMC1lY2FhLTExZTYtOGY4OC0zNDM2M2JjN2M0YzAiOnsiY3JlYXRlIjoxODAwMDAwMDAwMDAwLCJkZWxldGUiOjE4MDAwMDAwMDAwMDAsInJlYWQiOjMwMDAwMDAwMDAwMCwidXBkYXRlIjoxODAwMDAwMDAwMDAwfX0=",
          "dependencies": [
            "azurerm_resource_group.MyTfRG"
          ]
        }
      ]
    }
  ]
}
